
Microsoft Visual Studio Solution File, Format Version 12.00
# Visual Studio 15
VisualStudioVersion = 15.0.26430.15
MinimumVisualStudioVersion = 10.0.40219.1
Project("{E24C65DC-7377-472B-9ABA-BC803B73C61A}") = "webcam", "..\..\", "{B79F2DFB-6700-4450-9BB0-491699133BEC}"
	ProjectSection(WebsiteProperties) = preProject
		TargetFrameworkMoniker = ".NETFramework,Version%3Dv4.0"
		Debug.AspNetCompiler.VirtualPath = "/localhost_64840"
		Debug.AspNetCompiler.PhysicalPath = "..\..\..\..\intern projects\webcam\"
		Debug.AspNetCompiler.TargetPath = "PrecompiledWeb\localhost_64840\"
		Debug.AspNetCompiler.Updateable = "true"
		Debug.AspNetCompiler.ForceOverwrite = "true"
		Debug.AspNetCompiler.FixedNames = "false"
		Debug.AspNetCompiler.Debug = "True"
		Release.AspNetCompiler.VirtualPath = "/localhost_64840"
		Release.AspNetCompiler.PhysicalPath = "..\..\..\..\intern projects\webcam\"
		Release.AspNetCompiler.TargetPath = "PrecompiledWeb\localhost_64840\"
		Release.AspNetCompiler.Updateable = "true"
		Release.AspNetCompiler.ForceOverwrite = "true"
		Release.AspNetCompiler.FixedNames = "false"
		Release.AspNetCompiler.Debug = "False"
		VWDPort = "64840"
	EndProjectSection
EndProject
Global
	GlobalSection(SolutionConfigurationPlatforms) = preSolution
		Debug|Any CPU = Debug|Any CPU
	EndGlobalSection
	GlobalSection(ProjectConfigurationPlatforms) = postSolution
		{B79F2DFB-6700-4450-9BB0-491699133BEC}.Debug|Any CPU.ActiveCfg = Debug|Any CPU
		{B79F2DFB-6700-4450-9BB0-491699133BEC}.Debug|Any CPU.Build.0 = Debug|Any CPU
	EndGlobalSection
	GlobalSection(SolutionProperties) = preSolution
		HideSolutionNode = FALSE
	EndGlobalSection
EndGlobal
